
Microsoft Visual Studio Solution File, Format Version 12.00
# Visual Studio Version 17
VisualStudioVersion = 17.4.33213.308
MinimumVisualStudioVersion = 10.0.40219.1
Project("{FAE04EC0-301F-11D3-BF4B-00C04F79EFBC}") = "Module_4.HW_6", "Module_4.HW_6\Module_4.HW_6.csproj", "{CDF140CB-D6DB-41B8-8B85-41ECE33B2385}"
EndProject
Global
	GlobalSection(SolutionConfigurationPlatforms) = preSolution
		Debug|Any CPU = Debug|Any CPU
		Release|Any CPU = Release|Any CPU
	EndGlobalSection
	GlobalSection(ProjectConfigurationPlatforms) = postSolution
		{CDF140CB-D6DB-41B8-8B85-41ECE33B2385}.Debug|Any CPU.ActiveCfg = Debug|Any CPU
		{CDF140CB-D6DB-41B8-8B85-41ECE33B2385}.Debug|Any CPU.Build.0 = Debug|Any CPU
		{CDF140CB-D6DB-41B8-8B85-41ECE33B2385}.Release|Any CPU.ActiveCfg = Release|Any CPU
		{CDF140CB-D6DB-41B8-8B85-41ECE33B2385}.Release|Any CPU.Build.0 = Release|Any CPU
	EndGlobalSection
	GlobalSection(SolutionProperties) = preSolution
		HideSolutionNode = FALSE
	EndGlobalSection
	GlobalSection(ExtensibilityGlobals) = postSolution
		SolutionGuid = {037E8334-F8A2-4606-810C-075B5807DBCA}
	EndGlobalSection
EndGlobal
