
Microsoft Visual Studio Solution File, Format Version 12.00
# Visual Studio Version 17
VisualStudioVersion = 17.4.33213.308
MinimumVisualStudioVersion = 10.0.40219.1
Project("{FAE04EC0-301F-11D3-BF4B-00C04F79EFBC}") = "Module_5.HW_1", "Module_5.HW_1\Module_5.HW_1.csproj", "{5ABBB1CF-24EE-4BAE-B9E7-AC43E77BFC66}"
EndProject
Global
	GlobalSection(SolutionConfigurationPlatforms) = preSolution
		Debug|Any CPU = Debug|Any CPU
		Release|Any CPU = Release|Any CPU
	EndGlobalSection
	GlobalSection(ProjectConfigurationPlatforms) = postSolution
		{5ABBB1CF-24EE-4BAE-B9E7-AC43E77BFC66}.Debug|Any CPU.ActiveCfg = Debug|Any CPU
		{5ABBB1CF-24EE-4BAE-B9E7-AC43E77BFC66}.Debug|Any CPU.Build.0 = Debug|Any CPU
		{5ABBB1CF-24EE-4BAE-B9E7-AC43E77BFC66}.Release|Any CPU.ActiveCfg = Release|Any CPU
		{5ABBB1CF-24EE-4BAE-B9E7-AC43E77BFC66}.Release|Any CPU.Build.0 = Release|Any CPU
	EndGlobalSection
	GlobalSection(SolutionProperties) = preSolution
		HideSolutionNode = FALSE
	EndGlobalSection
	GlobalSection(ExtensibilityGlobals) = postSolution
		SolutionGuid = {C964EAB0-870C-4C90-ABB7-2F594AAB87A6}
	EndGlobalSection
EndGlobal
