
Microsoft Visual Studio Solution File, Format Version 12.00
# Visual Studio Version 17
VisualStudioVersion = 17.4.33103.184
MinimumVisualStudioVersion = 10.0.40219.1
Project("{FAE04EC0-301F-11D3-BF4B-00C04F79EFBC}") = "Module_2.HW_6", "Module_2.HW_6\Module_2.HW_6.csproj", "{F90FD7C0-AABA-4E17-B290-A124E2581801}"
EndProject
Global
	GlobalSection(SolutionConfigurationPlatforms) = preSolution
		Debug|Any CPU = Debug|Any CPU
		Release|Any CPU = Release|Any CPU
	EndGlobalSection
	GlobalSection(ProjectConfigurationPlatforms) = postSolution
		{F90FD7C0-AABA-4E17-B290-A124E2581801}.Debug|Any CPU.ActiveCfg = Debug|Any CPU
		{F90FD7C0-AABA-4E17-B290-A124E2581801}.Debug|Any CPU.Build.0 = Debug|Any CPU
		{F90FD7C0-AABA-4E17-B290-A124E2581801}.Release|Any CPU.ActiveCfg = Release|Any CPU
		{F90FD7C0-AABA-4E17-B290-A124E2581801}.Release|Any CPU.Build.0 = Release|Any CPU
	EndGlobalSection
	GlobalSection(SolutionProperties) = preSolution
		HideSolutionNode = FALSE
	EndGlobalSection
	GlobalSection(ExtensibilityGlobals) = postSolution
		SolutionGuid = {F5993C53-D70E-478D-ACEE-1BB109F35CB4}
	EndGlobalSection
EndGlobal
