
Microsoft Visual Studio Solution File, Format Version 12.00
# Visual Studio Version 17
VisualStudioVersion = 17.4.33103.184
MinimumVisualStudioVersion = 10.0.40219.1
Project("{FAE04EC0-301F-11D3-BF4B-00C04F79EFBC}") = "Module_3.HW_1", "Module_3.HW_1\Module_3.HW_1.csproj", "{35F279EE-3B1D-4FEB-AAA1-CAE73A75078F}"
EndProject
Global
	GlobalSection(SolutionConfigurationPlatforms) = preSolution
		Debug|Any CPU = Debug|Any CPU
		Release|Any CPU = Release|Any CPU
	EndGlobalSection
	GlobalSection(ProjectConfigurationPlatforms) = postSolution
		{35F279EE-3B1D-4FEB-AAA1-CAE73A75078F}.Debug|Any CPU.ActiveCfg = Debug|Any CPU
		{35F279EE-3B1D-4FEB-AAA1-CAE73A75078F}.Debug|Any CPU.Build.0 = Debug|Any CPU
		{35F279EE-3B1D-4FEB-AAA1-CAE73A75078F}.Release|Any CPU.ActiveCfg = Release|Any CPU
		{35F279EE-3B1D-4FEB-AAA1-CAE73A75078F}.Release|Any CPU.Build.0 = Release|Any CPU
	EndGlobalSection
	GlobalSection(SolutionProperties) = preSolution
		HideSolutionNode = FALSE
	EndGlobalSection
	GlobalSection(ExtensibilityGlobals) = postSolution
		SolutionGuid = {074E38B2-855C-4D1E-A32F-FECEC8940BC5}
	EndGlobalSection
EndGlobal
